
Microsoft Visual Studio Solution File, Format Version 10.00
# Visual Studio 2008
Project("{FAE04EC0-301F-11D3-BF4B-00C04F79EFBC}") = "Location Scheduler", "Location Scheduler\Location Scheduler.csproj", "{E8F6C567-6602-49B7-B97C-9FB9F0D1CCCC}"
EndProject
Project("{FAE04EC0-301F-11D3-BF4B-00C04F79EFBC}") = "HelperLib", "HelperLib\HelperLib.csproj", "{35208667-FD6D-4B37-9566-AAEFE580E872}"
EndProject
Project("{FAE04EC0-301F-11D3-BF4B-00C04F79EFBC}") = "Core", "Core\Core.csproj", "{C7238006-FB52-4649-BAD2-C2A05B6BB5A8}"
EndProject
Global
	GlobalSection(SolutionConfigurationPlatforms) = preSolution
		Debug|Any CPU = Debug|Any CPU
		Release|Any CPU = Release|Any CPU
	EndGlobalSection
	GlobalSection(ProjectConfigurationPlatforms) = postSolution
		{E8F6C567-6602-49B7-B97C-9FB9F0D1CCCC}.Debug|Any CPU.ActiveCfg = Debug|Any CPU
		{E8F6C567-6602-49B7-B97C-9FB9F0D1CCCC}.Debug|Any CPU.Build.0 = Debug|Any CPU
		{E8F6C567-6602-49B7-B97C-9FB9F0D1CCCC}.Debug|Any CPU.Deploy.0 = Debug|Any CPU
		{E8F6C567-6602-49B7-B97C-9FB9F0D1CCCC}.Release|Any CPU.ActiveCfg = Release|Any CPU
		{E8F6C567-6602-49B7-B97C-9FB9F0D1CCCC}.Release|Any CPU.Build.0 = Release|Any CPU
		{E8F6C567-6602-49B7-B97C-9FB9F0D1CCCC}.Release|Any CPU.Deploy.0 = Release|Any CPU
		{35208667-FD6D-4B37-9566-AAEFE580E872}.Debug|Any CPU.ActiveCfg = Debug|Any CPU
		{35208667-FD6D-4B37-9566-AAEFE580E872}.Debug|Any CPU.Build.0 = Debug|Any CPU
		{35208667-FD6D-4B37-9566-AAEFE580E872}.Release|Any CPU.ActiveCfg = Release|Any CPU
		{35208667-FD6D-4B37-9566-AAEFE580E872}.Release|Any CPU.Build.0 = Release|Any CPU
		{C7238006-FB52-4649-BAD2-C2A05B6BB5A8}.Debug|Any CPU.ActiveCfg = Debug|Any CPU
		{C7238006-FB52-4649-BAD2-C2A05B6BB5A8}.Debug|Any CPU.Build.0 = Debug|Any CPU
		{C7238006-FB52-4649-BAD2-C2A05B6BB5A8}.Debug|Any CPU.Deploy.0 = Debug|Any CPU
		{C7238006-FB52-4649-BAD2-C2A05B6BB5A8}.Release|Any CPU.ActiveCfg = Release|Any CPU
		{C7238006-FB52-4649-BAD2-C2A05B6BB5A8}.Release|Any CPU.Build.0 = Release|Any CPU
		{C7238006-FB52-4649-BAD2-C2A05B6BB5A8}.Release|Any CPU.Deploy.0 = Release|Any CPU
	EndGlobalSection
	GlobalSection(SolutionProperties) = preSolution
		HideSolutionNode = FALSE
	EndGlobalSection
EndGlobal
